{
  "name": "redis-example",
  "version": "1.0.0",
  "lockfileVersion": 1,
  "requires": true,
  "dependencies": {
    "@types/node": {
      "version": "10.12.15",
      "resolved": "http://registry.npm.taobao.org/@types/node/download/@types/node-10.12.15.tgz",
      "integrity": "sha1-IOhWUbYv2GZW5Xycm8dxqxVwvFk=",
      "dev": true
    },
    "@types/redis": {
      "version": "2.8.8",
      "resolved": "http://registry.npm.taobao.org/@types/redis/download/@types/redis-2.8.8.tgz",
      "integrity": "sha1-cIVeeaYCAIDMo8tfH17n8RtJqXk=",
      "dev": true,
      "requires": {
        "@types/node": "*"
      }
    },
    "redis": {
      "version": "2.8.0",
      "resolved": "http://registry.npm.taobao.org/redis/download/redis-2.8.0.tgz",
      "integrity": "sha512-M1OkonEQwtRmZv4tEWF2VgpG0JWJ8Fv1PhlgT5+B+uNq2cA3Rt1Yt/ryoR+vQNOQcIEgdCdfH0jr3bDpihAw1A==",
      "requires": {
        "double-ended-queue": "^2.1.0-0",
        "redis-commands": "^1.2.0",
        "redis-parser": "^2.6.0"
      },
      "dependencies": {
        "double-ended-queue": {
          "version": "2.1.0-0",
          "resolved": "http://registry.npm.taobao.org/double-ended-queue/download/double-ended-queue-2.1.0-0.tgz",
          "integrity": "sha512-+BNfZ+deCo8hMNpDqDnvT+c0XpJ5cUa6mqYq89bho2Ifze4URTqRkcwR399hWoTrTkbZ/XJYDgP6rc7pRgffEQ=="
        },
        "redis-commands": {
          "version": "1.4.0",
          "resolved": "http://registry.npm.taobao.org/redis-commands/download/redis-commands-1.4.0.tgz",
          "integrity": "sha512-cu8EF+MtkwI4DLIT0x9P8qNTLFhQD4jLfxLR0cCNkeGzs87FN6879JOJwNQR/1zD7aSYNbU0hgsV9zGY71Itvw=="
        },
        "redis-parser": {
          "version": "2.6.0",
          "resolved": "http://registry.npm.taobao.org/redis-parser/download/redis-parser-2.6.0.tgz",
          "integrity": "sha512-9Hdw19gwXFBJdN8ENUoNVJFRyMDFrE/ZBClPicKYDPwNPJ4ST1TedAHYNSiGKElwh2vrmRGMoJYbVdJd+WQXIw=="
        }
      }
    }
  }
}
